// !$*UTF8*$!
{
	archiveVersion = 1;
	classes = {
	};
	objectVersion = 56;
	objects = {

/* Begin PBXBuildFile section */
		63A632C9299B77A80084BB16 /* AppDelegate.swift in Sources */ = {isa = PBXBuildFile; fileRef = 63A632C8299B77A80084BB16 /* AppDelegate.swift */; };
		63A632CB299B77A80084BB16 /* SceneDelegate.swift in Sources */ = {isa = PBXBuildFile; fileRef = 63A632CA299B77A80084BB16 /* SceneDelegate.swift */; };
		63A632CD299B77A80084BB16 /* ViewController.swift in Sources */ = {isa = PBXBuildFile; fileRef = 63A632CC299B77A80084BB16 /* ViewController.swift */; };
		63A632D0299B77A80084BB16 /* Main.storyboard in Resources */ = {isa = PBXBuildFile; fileRef = 63A632CE299B77A80084BB16 /* Main.storyboard */; };
		63A632D2299B77AA0084BB16 /* Assets.xcassets in Resources */ = {isa = PBXBuildFile; fileRef = 63A632D1299B77AA0084BB16 /* Assets.xcassets */; };
		63A632D5299B77AA0084BB16 /* LaunchScreen.storyboard in Resources */ = {isa = PBXBuildFile; fileRef = 63A632D3299B77AA0084BB16 /* LaunchScreen.storyboard */; };
		63A632E0299B788E0084BB16 /* MainViewController.swift in Sources */ = {isa = PBXBuildFile; fileRef = 63A632DF299B788E0084BB16 /* MainViewController.swift */; };
		63A632E2299B7A1C0084BB16 /* MainViewModel.swift in Sources */ = {isa = PBXBuildFile; fileRef = 63A632E1299B7A1C0084BB16 /* MainViewModel.swift */; };
		63A632E5299B7BA60084BB16 /* UITableView+Extension.swift in Sources */ = {isa = PBXBuildFile; fileRef = 63A632E4299B7BA60084BB16 /* UITableView+Extension.swift */; };
		63A632E9299B7C210084BB16 /* ListItemCell.swift in Sources */ = {isa = PBXBuildFile; fileRef = 63A632E7299B7C210084BB16 /* ListItemCell.swift */; };
		63A632EA299B7C210084BB16 /* ListItemCell.xib in Resources */ = {isa = PBXBuildFile; fileRef = 63A632E8299B7C210084BB16 /* ListItemCell.xib */; };
		63A632ED299B7F9E0084BB16 /* DetailsViewController.swift in Sources */ = {isa = PBXBuildFile; fileRef = 63A632EC299B7F9E0084BB16 /* DetailsViewController.swift */; };
		63A632EF299B7FB50084BB16 /* Details.storyboard in Resources */ = {isa = PBXBuildFile; fileRef = 63A632EE299B7FB50084BB16 /* Details.storyboard */; };
		63A632F1299B7FE10084BB16 /* UIStoryboard+Extension.swift in Sources */ = {isa = PBXBuildFile; fileRef = 63A632F0299B7FE10084BB16 /* UIStoryboard+Extension.swift */; };
		63A632F3299B7FFE0084BB16 /* Storyboard.swift in Sources */ = {isa = PBXBuildFile; fileRef = 63A632F2299B7FFE0084BB16 /* Storyboard.swift */; };
		63A632F6299B832A0084BB16 /* NetworkManager.swift in Sources */ = {isa = PBXBuildFile; fileRef = 63A632F5299B832A0084BB16 /* NetworkManager.swift */; };
		63A632F8299B851E0084BB16 /* Endpoint.swift in Sources */ = {isa = PBXBuildFile; fileRef = 63A632F7299B851E0084BB16 /* Endpoint.swift */; };
		63A632FA299B854B0084BB16 /* NetworkManager+Search.swift in Sources */ = {isa = PBXBuildFile; fileRef = 63A632F9299B854B0084BB16 /* NetworkManager+Search.swift */; };
		63A632FD299B8AE90084BB16 /* Repository.swift in Sources */ = {isa = PBXBuildFile; fileRef = 63A632FC299B8AE90084BB16 /* Repository.swift */; };
		63A632FF299B96AE0084BB16 /* UIImageView+Extension.swift in Sources */ = {isa = PBXBuildFile; fileRef = 63A632FE299B96AE0084BB16 /* UIImageView+Extension.swift */; };
/* End PBXBuildFile section */

/* Begin PBXFileReference section */
		63A632C5299B77A80084BB16 /* Github_search.app */ = {isa = PBXFileReference; explicitFileType = wrapper.application; includeInIndex = 0; path = Github_search.app; sourceTree = BUILT_PRODUCTS_DIR; };
		63A632C8299B77A80084BB16 /* AppDelegate.swift */ = {isa = PBXFileReference; lastKnownFileType = sourcecode.swift; path = AppDelegate.swift; sourceTree = "<group>"; };
		63A632CA299B77A80084BB16 /* SceneDelegate.swift */ = {isa = PBXFileReference; lastKnownFileType = sourcecode.swift; path = SceneDelegate.swift; sourceTree = "<group>"; };
		63A632CC299B77A80084BB16 /* ViewController.swift */ = {isa = PBXFileReference; lastKnownFileType = sourcecode.swift; path = ViewController.swift; sourceTree = "<group>"; };
		63A632CF299B77A80084BB16 /* Base */ = {isa = PBXFileReference; lastKnownFileType = file.storyboard; name = Base; path = Base.lproj/Main.storyboard; sourceTree = "<group>"; };
		63A632D1299B77AA0084BB16 /* Assets.xcassets */ = {isa = PBXFileReference; lastKnownFileType = folder.assetcatalog; path = Assets.xcassets; sourceTree = "<group>"; };
		63A632D4299B77AA0084BB16 /* Base */ = {isa = PBXFileReference; lastKnownFileType = file.storyboard; name = Base; path = Base.lproj/LaunchScreen.storyboard; sourceTree = "<group>"; };
		63A632D6299B77AA0084BB16 /* Info.plist */ = {isa = PBXFileReference; lastKnownFileType = text.plist.xml; path = Info.plist; sourceTree = "<group>"; };
		63A632DF299B788E0084BB16 /* MainViewController.swift */ = {isa = PBXFileReference; lastKnownFileType = sourcecode.swift; path = MainViewController.swift; sourceTree = "<group>"; };
		63A632E1299B7A1C0084BB16 /* MainViewModel.swift */ = {isa = PBXFileReference; lastKnownFileType = sourcecode.swift; path = MainViewModel.swift; sourceTree = "<group>"; };
		63A632E4299B7BA60084BB16 /* UITableView+Extension.swift */ = {isa = PBXFileReference; lastKnownFileType = sourcecode.swift; path = "UITableView+Extension.swift"; sourceTree = "<group>"; };
		63A632E7299B7C210084BB16 /* ListItemCell.swift */ = {isa = PBXFileReference; lastKnownFileType = sourcecode.swift; path = ListItemCell.swift; sourceTree = "<group>"; };
		63A632E8299B7C210084BB16 /* ListItemCell.xib */ = {isa = PBXFileReference; lastKnownFileType = file.xib; path = ListItemCell.xib; sourceTree = "<group>"; };
		63A632EC299B7F9E0084BB16 /* DetailsViewController.swift */ = {isa = PBXFileReference; lastKnownFileType = sourcecode.swift; path = DetailsViewController.swift; sourceTree = "<group>"; };
		63A632EE299B7FB50084BB16 /* Details.storyboard */ = {isa = PBXFileReference; lastKnownFileType = file.storyboard; path = Details.storyboard; sourceTree = "<group>"; };
		63A632F0299B7FE10084BB16 /* UIStoryboard+Extension.swift */ = {isa = PBXFileReference; lastKnownFileType = sourcecode.swift; path = "UIStoryboard+Extension.swift"; sourceTree = "<group>"; };
		63A632F2299B7FFE0084BB16 /* Storyboard.swift */ = {isa = PBXFileReference; lastKnownFileType = sourcecode.swift; path = Storyboard.swift; sourceTree = "<group>"; };
		63A632F5299B832A0084BB16 /* NetworkManager.swift */ = {isa = PBXFileReference; lastKnownFileType = sourcecode.swift; path = NetworkManager.swift; sourceTree = "<group>"; };
		63A632F7299B851E0084BB16 /* Endpoint.swift */ = {isa = PBXFileReference; lastKnownFileType = sourcecode.swift; path = Endpoint.swift; sourceTree = "<group>"; };
		63A632F9299B854B0084BB16 /* NetworkManager+Search.swift */ = {isa = PBXFileReference; lastKnownFileType = sourcecode.swift; path = "NetworkManager+Search.swift"; sourceTree = "<group>"; };
		63A632FC299B8AE90084BB16 /* Repository.swift */ = {isa = PBXFileReference; lastKnownFileType = sourcecode.swift; path = Repository.swift; sourceTree = "<group>"; };
		63A632FE299B96AE0084BB16 /* UIImageView+Extension.swift */ = {isa = PBXFileReference; lastKnownFileType = sourcecode.swift; path = "UIImageView+Extension.swift"; sourceTree = "<group>"; };
/* End PBXFileReference section */

/* Begin PBXFrameworksBuildPhase section */
		63A632C2299B77A80084BB16 /* Frameworks */ = {
			isa = PBXFrameworksBuildPhase;
			buildActionMask = 2147483647;
			files = (
			);
			runOnlyForDeploymentPostprocessing = 0;
		};
/* End PBXFrameworksBuildPhase section */

/* Begin PBXGroup section */
		63A632BC299B77A80084BB16 = {
			isa = PBXGroup;
			children = (
				63A632C7299B77A80084BB16 /* Github_search */,
				63A632C6299B77A80084BB16 /* Products */,
			);
			sourceTree = "<group>";
		};
		63A632C6299B77A80084BB16 /* Products */ = {
			isa = PBXGroup;
			children = (
				63A632C5299B77A80084BB16 /* Github_search.app */,
			);
			name = Products;
			sourceTree = "<group>";
		};
		63A632C7299B77A80084BB16 /* Github_search */ = {
			isa = PBXGroup;
			children = (
				63A632FB299B8AD70084BB16 /* Models */,
				63A632F4299B83130084BB16 /* Network */,
				63A632E3299B7B810084BB16 /* Helpers */,
				63A632DD299B78520084BB16 /* ViewControllers */,
				63A632DC299B783C0084BB16 /* Base */,
				63A632C8299B77A80084BB16 /* AppDelegate.swift */,
				63A632CA299B77A80084BB16 /* SceneDelegate.swift */,
				63A632D1299B77AA0084BB16 /* Assets.xcassets */,
				63A632D3299B77AA0084BB16 /* LaunchScreen.storyboard */,
				63A632D6299B77AA0084BB16 /* Info.plist */,
			);
			path = Github_search;
			sourceTree = "<group>";
		};
		63A632DC299B783C0084BB16 /* Base */ = {
			isa = PBXGroup;
			children = (
				63A632CC299B77A80084BB16 /* ViewController.swift */,
				63A632F2299B7FFE0084BB16 /* Storyboard.swift */,
			);
			path = Base;
			sourceTree = "<group>";
		};
		63A632DD299B78520084BB16 /* ViewControllers */ = {
			isa = PBXGroup;
			children = (
				63A632EB299B7F800084BB16 /* Details */,
				63A632DE299B78600084BB16 /* Main */,
			);
			path = ViewControllers;
			sourceTree = "<group>";
		};
		63A632DE299B78600084BB16 /* Main */ = {
			isa = PBXGroup;
			children = (
				63A632E6299B7C000084BB16 /* Cells */,
				63A632DF299B788E0084BB16 /* MainViewController.swift */,
				63A632CE299B77A80084BB16 /* Main.storyboard */,
				63A632E1299B7A1C0084BB16 /* MainViewModel.swift */,
			);
			path = Main;
			sourceTree = "<group>";
		};
		63A632E3299B7B810084BB16 /* Helpers */ = {
			isa = PBXGroup;
			children = (
				63A632E4299B7BA60084BB16 /* UITableView+Extension.swift */,
				63A632F0299B7FE10084BB16 /* UIStoryboard+Extension.swift */,
				63A632FE299B96AE0084BB16 /* UIImageView+Extension.swift */,
			);
			path = Helpers;
			sourceTree = "<group>";
		};
		63A632E6299B7C000084BB16 /* Cells */ = {
			isa = PBXGroup;
			children = (
				63A632E7299B7C210084BB16 /* ListItemCell.swift */,
				63A632E8299B7C210084BB16 /* ListItemCell.xib */,
			);
			path = Cells;
			sourceTree = "<group>";
		};
		63A632EB299B7F800084BB16 /* Details */ = {
			isa = PBXGroup;
			children = (
				63A632EC299B7F9E0084BB16 /* DetailsViewController.swift */,
				63A632EE299B7FB50084BB16 /* Details.storyboard */,
			);
			path = Details;
			sourceTree = "<group>";
		};
		63A632F4299B83130084BB16 /* Network */ = {
			isa = PBXGroup;
			children = (
				63A632F5299B832A0084BB16 /* NetworkManager.swift */,
				63A632F9299B854B0084BB16 /* NetworkManager+Search.swift */,
				63A632F7299B851E0084BB16 /* Endpoint.swift */,
			);
			path = Network;
			sourceTree = "<group>";
		};
		63A632FB299B8AD70084BB16 /* Models */ = {
			isa = PBXGroup;
			children = (
				63A632FC299B8AE90084BB16 /* Repository.swift */,
			);
			path = Models;
			sourceTree = "<group>";
		};
/* End PBXGroup section */

/* Begin PBXNativeTarget section */
		63A632C4299B77A80084BB16 /* Github_search */ = {
			isa = PBXNativeTarget;
			buildConfigurationList = 63A632D9299B77AA0084BB16 /* Build configuration list for PBXNativeTarget "Github_search" */;
			buildPhases = (
				63A632C1299B77A80084BB16 /* Sources */,
				63A632C2299B77A80084BB16 /* Frameworks */,
				63A632C3299B77A80084BB16 /* Resources */,
			);
			buildRules = (
			);
			dependencies = (
			);
			name = Github_search;
			productName = Github_search;
			productReference = 63A632C5299B77A80084BB16 /* Github_search.app */;
			productType = "com.apple.product-type.application";
		};
/* End PBXNativeTarget section */

/* Begin PBXProject section */
		63A632BD299B77A80084BB16 /* Project object */ = {
			isa = PBXProject;
			attributes = {
				BuildIndependentTargetsInParallel = 1;
				LastSwiftUpdateCheck = 1400;
				LastUpgradeCheck = 1400;
				TargetAttributes = {
					63A632C4299B77A80084BB16 = {
						CreatedOnToolsVersion = 14.0.1;
					};
				};
			};
			buildConfigurationList = 63A632C0299B77A80084BB16 /* Build configuration list for PBXProject "Github_search" */;
			compatibilityVersion = "Xcode 14.0";
			developmentRegion = en;
			hasScannedForEncodings = 0;
			knownRegions = (
				en,
				Base,
			);
			mainGroup = 63A632BC299B77A80084BB16;
			productRefGroup = 63A632C6299B77A80084BB16 /* Products */;
			projectDirPath = "";
			projectRoot = "";
			targets = (
				63A632C4299B77A80084BB16 /* Github_search */,
			);
		};
/* End PBXProject section */

/* Begin PBXResourcesBuildPhase section */
		63A632C3299B77A80084BB16 /* Resources */ = {
			isa = PBXResourcesBuildPhase;
			buildActionMask = 2147483647;
			files = (
				63A632EF299B7FB50084BB16 /* Details.storyboard in Resources */,
				63A632EA299B7C210084BB16 /* ListItemCell.xib in Resources */,
				63A632D5299B77AA0084BB16 /* LaunchScreen.storyboard in Resources */,
				63A632D2299B77AA0084BB16 /* Assets.xcassets in Resources */,
				63A632D0299B77A80084BB16 /* Main.storyboard in Resources */,
			);
			runOnlyForDeploymentPostprocessing = 0;
		};
/* End PBXResourcesBuildPhase section */

/* Begin PBXSourcesBuildPhase section */
		63A632C1299B77A80084BB16 /* Sources */ = {
			isa = PBXSourcesBuildPhase;
			buildActionMask = 2147483647;
			files = (
				63A632FF299B96AE0084BB16 /* UIImageView+Extension.swift in Sources */,
				63A632E2299B7A1C0084BB16 /* MainViewModel.swift in Sources */,
				63A632E9299B7C210084BB16 /* ListItemCell.swift in Sources */,
				63A632CD299B77A80084BB16 /* ViewController.swift in Sources */,
				63A632ED299B7F9E0084BB16 /* DetailsViewController.swift in Sources */,
				63A632F6299B832A0084BB16 /* NetworkManager.swift in Sources */,
				63A632C9299B77A80084BB16 /* AppDelegate.swift in Sources */,
				63A632CB299B77A80084BB16 /* SceneDelegate.swift in Sources */,
				63A632FD299B8AE90084BB16 /* Repository.swift in Sources */,
				63A632F3299B7FFE0084BB16 /* Storyboard.swift in Sources */,
				63A632E0299B788E0084BB16 /* MainViewController.swift in Sources */,
				63A632E5299B7BA60084BB16 /* UITableView+Extension.swift in Sources */,
				63A632FA299B854B0084BB16 /* NetworkManager+Search.swift in Sources */,
				63A632F8299B851E0084BB16 /* Endpoint.swift in Sources */,
				63A632F1299B7FE10084BB16 /* UIStoryboard+Extension.swift in Sources */,
			);
			runOnlyForDeploymentPostprocessing = 0;
		};
/* End PBXSourcesBuildPhase section */

/* Begin PBXVariantGroup section */
		63A632CE299B77A80084BB16 /* Main.storyboard */ = {
			isa = PBXVariantGroup;
			children = (
				63A632CF299B77A80084BB16 /* Base */,
			);
			name = Main.storyboard;
			sourceTree = "<group>";
		};
		63A632D3299B77AA0084BB16 /* LaunchScreen.storyboard */ = {
			isa = PBXVariantGroup;
			children = (
				63A632D4299B77AA0084BB16 /* Base */,
			);
			name = LaunchScreen.storyboard;
			sourceTree = "<group>";
		};
/* End PBXVariantGroup section */

/* Begin XCBuildConfiguration section */
		63A632D7299B77AA0084BB16 /* Debug */ = {
			isa = XCBuildConfiguration;
			buildSettings = {
				ALWAYS_SEARCH_USER_PATHS = NO;
				CLANG_ANALYZER_NONNULL = YES;
				CLANG_ANALYZER_NUMBER_OBJECT_CONVERSION = YES_AGGRESSIVE;
				CLANG_CXX_LANGUAGE_STANDARD = "gnu++20";
				CLANG_ENABLE_MODULES = YES;
				CLANG_ENABLE_OBJC_ARC = YES;
				CLANG_ENABLE_OBJC_WEAK = YES;
				CLANG_WARN_BLOCK_CAPTURE_AUTORELEASING = YES;
				CLANG_WARN_BOOL_CONVERSION = YES;
				CLANG_WARN_COMMA = YES;
				CLANG_WARN_CONSTANT_CONVERSION = YES;
				CLANG_WARN_DEPRECATED_OBJC_IMPLEMENTATIONS = YES;
				CLANG_WARN_DIRECT_OBJC_ISA_USAGE = YES_ERROR;
				CLANG_WARN_DOCUMENTATION_COMMENTS = YES;
				CLANG_WARN_EMPTY_BODY = YES;
				CLANG_WARN_ENUM_CONVERSION = YES;
				CLANG_WARN_INFINITE_RECURSION = YES;
				CLANG_WARN_INT_CONVERSION = YES;
				CLANG_WARN_NON_LITERAL_NULL_CONVERSION = YES;
				CLANG_WARN_OBJC_IMPLICIT_RETAIN_SELF = YES;
				CLANG_WARN_OBJC_LITERAL_CONVERSION = YES;
				CLANG_WARN_OBJC_ROOT_CLASS = YES_ERROR;
				CLANG_WARN_QUOTED_INCLUDE_IN_FRAMEWORK_HEADER = YES;
				CLANG_WARN_RANGE_LOOP_ANALYSIS = YES;
				CLANG_WARN_STRICT_PROTOTYPES = YES;
				CLANG_WARN_SUSPICIOUS_MOVE = YES;
				CLANG_WARN_UNGUARDED_AVAILABILITY = YES_AGGRESSIVE;
				CLANG_WARN_UNREACHABLE_CODE = YES;
				CLANG_WARN__DUPLICATE_METHOD_MATCH = YES;
				COPY_PHASE_STRIP = NO;
				DEBUG_INFORMATION_FORMAT = dwarf;
				ENABLE_STRICT_OBJC_MSGSEND = YES;
				ENABLE_TESTABILITY = YES;
				GCC_C_LANGUAGE_STANDARD = gnu11;
				GCC_DYNAMIC_NO_PIC = NO;
				GCC_NO_COMMON_BLOCKS = YES;
				GCC_OPTIMIZATION_LEVEL = 0;
				GCC_PREPROCESSOR_DEFINITIONS = (
					"DEBUG=1",
					"$(inherited)",
				);
				GCC_WARN_64_TO_32_BIT_CONVERSION = YES;
				GCC_WARN_ABOUT_RETURN_TYPE = YES_ERROR;
				GCC_WARN_UNDECLARED_SELECTOR = YES;
				GCC_WARN_UNINITIALIZED_AUTOS = YES_AGGRESSIVE;
				GCC_WARN_UNUSED_FUNCTION = YES;
				GCC_WARN_UNUSED_VARIABLE = YES;
				IPHONEOS_DEPLOYMENT_TARGET = 16.0;
				MTL_ENABLE_DEBUG_INFO = INCLUDE_SOURCE;
				MTL_FAST_MATH = YES;
				ONLY_ACTIVE_ARCH = YES;
				SDKROOT = iphoneos;
				SWIFT_ACTIVE_COMPILATION_CONDITIONS = DEBUG;
				SWIFT_OPTIMIZATION_LEVEL = "-Onone";
			};
			name = Debug;
		};
		63A632D8299B77AA0084BB16 /* Release */ = {
			isa = XCBuildConfiguration;
			buildSettings = {
				ALWAYS_SEARCH_USER_PATHS = NO;
				CLANG_ANALYZER_NONNULL = YES;
				CLANG_ANALYZER_NUMBER_OBJECT_CONVERSION = YES_AGGRESSIVE;
				CLANG_CXX_LANGUAGE_STANDARD = "gnu++20";
				CLANG_ENABLE_MODULES = YES;
				CLANG_ENABLE_OBJC_ARC = YES;
				CLANG_ENABLE_OBJC_WEAK = YES;
				CLANG_WARN_BLOCK_CAPTURE_AUTORELEASING = YES;
				CLANG_WARN_BOOL_CONVERSION = YES;
				CLANG_WARN_COMMA = YES;
				CLANG_WARN_CONSTANT_CONVERSION = YES;
				CLANG_WARN_DEPRECATED_OBJC_IMPLEMENTATIONS = YES;
				CLANG_WARN_DIRECT_OBJC_ISA_USAGE = YES_ERROR;
				CLANG_WARN_DOCUMENTATION_COMMENTS = YES;
				CLANG_WARN_EMPTY_BODY = YES;
				CLANG_WARN_ENUM_CONVERSION = YES;
				CLANG_WARN_INFINITE_RECURSION = YES;
				CLANG_WARN_INT_CONVERSION = YES;
				CLANG_WARN_NON_LITERAL_NULL_CONVERSION = YES;
				CLANG_WARN_OBJC_IMPLICIT_RETAIN_SELF = YES;
				CLANG_WARN_OBJC_LITERAL_CONVERSION = YES;
				CLANG_WARN_OBJC_ROOT_CLASS = YES_ERROR;
				CLANG_WARN_QUOTED_INCLUDE_IN_FRAMEWORK_HEADER = YES;
				CLANG_WARN_RANGE_LOOP_ANALYSIS = YES;
				CLANG_WARN_STRICT_PROTOTYPES = YES;
				CLANG_WARN_SUSPICIOUS_MOVE = YES;
				CLANG_WARN_UNGUARDED_AVAILABILITY = YES_AGGRESSIVE;
				CLANG_WARN_UNREACHABLE_CODE = YES;
				CLANG_WARN__DUPLICATE_METHOD_MATCH = YES;
				COPY_PHASE_STRIP = NO;
				DEBUG_INFORMATION_FORMAT = "dwarf-with-dsym";
				ENABLE_NS_ASSERTIONS = NO;
				ENABLE_STRICT_OBJC_MSGSEND = YES;
				GCC_C_LANGUAGE_STANDARD = gnu11;
				GCC_NO_COMMON_BLOCKS = YES;
				GCC_WARN_64_TO_32_BIT_CONVERSION = YES;
				GCC_WARN_ABOUT_RETURN_TYPE = YES_ERROR;
				GCC_WARN_UNDECLARED_SELECTOR = YES;
				GCC_WARN_UNINITIALIZED_AUTOS = YES_AGGRESSIVE;
				GCC_WARN_UNUSED_FUNCTION = YES;
				GCC_WARN_UNUSED_VARIABLE = YES;
				IPHONEOS_DEPLOYMENT_TARGET = 16.0;
				MTL_ENABLE_DEBUG_INFO = NO;
				MTL_FAST_MATH = YES;
				SDKROOT = iphoneos;
				SWIFT_COMPILATION_MODE = wholemodule;
				SWIFT_OPTIMIZATION_LEVEL = "-O";
				VALIDATE_PRODUCT = YES;
			};
			name = Release;
		};
		63A632DA299B77AA0084BB16 /* Debug */ = {
			isa = XCBuildConfiguration;
			buildSettings = {
				ASSETCATALOG_COMPILER_APPICON_NAME = AppIcon;
				ASSETCATALOG_COMPILER_GLOBAL_ACCENT_COLOR_NAME = AccentColor;
				CODE_SIGN_STYLE = Automatic;
				CURRENT_PROJECT_VERSION = 1;
				GENERATE_INFOPLIST_FILE = YES;
				INFOPLIST_FILE = Github_search/Info.plist;
				INFOPLIST_KEY_UIApplicationSupportsIndirectInputEvents = YES;
				INFOPLIST_KEY_UILaunchStoryboardName = LaunchScreen;
				INFOPLIST_KEY_UIMainStoryboardFile = Main;
				INFOPLIST_KEY_UISupportedInterfaceOrientations_iPad = "UIInterfaceOrientationPortrait UIInterfaceOrientationPortraitUpsideDown UIInterfaceOrientationLandscapeLeft UIInterfaceOrientationLandscapeRight";
				INFOPLIST_KEY_UISupportedInterfaceOrientations_iPhone = "UIInterfaceOrientationPortrait UIInterfaceOrientationLandscapeLeft UIInterfaceOrientationLandscapeRight";
				IPHONEOS_DEPLOYMENT_TARGET = 15.0;
				LD_RUNPATH_SEARCH_PATHS = (
					"$(inherited)",
					"@executable_path/Frameworks",
				);
				MARKETING_VERSION = 1.0;
				PRODUCT_BUNDLE_IDENTIFIER = "test.swiftui.Github-search";
				PRODUCT_NAME = "$(TARGET_NAME)";
				SWIFT_EMIT_LOC_STRINGS = YES;
				SWIFT_VERSION = 5.0;
				TARGETED_DEVICE_FAMILY = "1,2";
			};
			name = Debug;
		};
		63A632DB299B77AA0084BB16 /* Release */ = {
			isa = XCBuildConfiguration;
			buildSettings = {
				ASSETCATALOG_COMPILER_APPICON_NAME = AppIcon;
				ASSETCATALOG_COMPILER_GLOBAL_ACCENT_COLOR_NAME = AccentColor;
				CODE_SIGN_STYLE = Automatic;
				CURRENT_PROJECT_VERSION = 1;
				GENERATE_INFOPLIST_FILE = YES;
				INFOPLIST_FILE = Github_search/Info.plist;
				INFOPLIST_KEY_UIApplicationSupportsIndirectInputEvents = YES;
				INFOPLIST_KEY_UILaunchStoryboardName = LaunchScreen;
				INFOPLIST_KEY_UIMainStoryboardFile = Main;
				INFOPLIST_KEY_UISupportedInterfaceOrientations_iPad = "UIInterfaceOrientationPortrait UIInterfaceOrientationPortraitUpsideDown UIInterfaceOrientationLandscapeLeft UIInterfaceOrientationLandscapeRight";
				INFOPLIST_KEY_UISupportedInterfaceOrientations_iPhone = "UIInterfaceOrientationPortrait UIInterfaceOrientationLandscapeLeft UIInterfaceOrientationLandscapeRight";
				IPHONEOS_DEPLOYMENT_TARGET = 15.0;
				LD_RUNPATH_SEARCH_PATHS = (
					"$(inherited)",
					"@executable_path/Frameworks",
				);
				MARKETING_VERSION = 1.0;
				PRODUCT_BUNDLE_IDENTIFIER = "test.swiftui.Github-search";
				PRODUCT_NAME = "$(TARGET_NAME)";
				SWIFT_EMIT_LOC_STRINGS = YES;
				SWIFT_VERSION = 5.0;
				TARGETED_DEVICE_FAMILY = "1,2";
			};
			name = Release;
		};
/* End XCBuildConfiguration section */

/* Begin XCConfigurationList section */
		63A632C0299B77A80084BB16 /* Build configuration list for PBXProject "Github_search" */ = {
			isa = XCConfigurationList;
			buildConfigurations = (
				63A632D7299B77AA0084BB16 /* Debug */,
				63A632D8299B77AA0084BB16 /* Release */,
			);
			defaultConfigurationIsVisible = 0;
			defaultConfigurationName = Release;
		};
		63A632D9299B77AA0084BB16 /* Build configuration list for PBXNativeTarget "Github_search" */ = {
			isa = XCConfigurationList;
			buildConfigurations = (
				63A632DA299B77AA0084BB16 /* Debug */,
				63A632DB299B77AA0084BB16 /* Release */,
			);
			defaultConfigurationIsVisible = 0;
			defaultConfigurationName = Release;
		};
/* End XCConfigurationList section */
	};
	rootObject = 63A632BD299B77A80084BB16 /* Project object */;
}
